uuid: 5859c292-2fca-41f6-9efd-e72f46db7c24
langcode: en
status: true
dependencies:
  config:
    - field.storage.paragraph.field_linklist_block
    - paragraphs.paragraphs_type.linklist_block
    - paragraphs.paragraphs_type.well_linklists
  module:
    - entity_reference_revisions
id: paragraph.well_linklists.field_linklist_block
field_name: field_linklist_block
entity_type: paragraph
bundle: well_linklists
label: 'Linklist block'
description: ''
required: false
translatable: false
default_value: {  }
default_value_callback: ''
settings:
  handler: 'default:paragraph'
  handler_settings:
    negate: 0
    target_bundles:
      linklist_block: linklist_block
    target_bundles_drag_drop:
      well_linklists:
        weight: 20
        enabled: false
      block_paragraph:
        weight: 21
        enabled: false
      highlight:
        weight: 22
        enabled: false
      highlights_list:
        weight: 23
        enabled: false
      homepage_block:
        weight: 24
        enabled: false
      homepage_blocks:
        weight: 25
        enabled: false
      linklist_block:
        enabled: true
        weight: 26
      linklist_blocks:
        weight: 27
        enabled: false
      links:
        weight: 28
        enabled: false
      nested_links:
        weight: 29
        enabled: false
      relation_list:
        weight: 30
        enabled: false
      relation_list_item:
        weight: 31
        enabled: false
      relation_lists:
        weight: 32
        enabled: false
      text:
        weight: 33
        enabled: false
      treeview:
        weight: 34
        enabled: false
      treeview_child:
        weight: 35
        enabled: false
      voetnoot:
        weight: 36
        enabled: false
      voetnoten:
        weight: 37
        enabled: false
      webform:
        weight: 38
        enabled: false
field_type: entity_reference_revisions
