uuid: acd8012f-8cc2-4e81-a15a-0751a8c7142f
langcode: nl
status: true
dependencies:
  config:
    - block_content.type.payoff_block
  module:
    - content_translation
third_party_settings:
  content_translation:
    enabled: true
    bundle_settings:
      untranslatable_fields_hide: '0'
id: block_content.payoff_block
target_entity_type_id: block_content
target_bundle: payoff_block
default_langcode: site_default
language_alterable: false
