uuid: 371b22df-33ab-40cd-8a4d-33d265b82f77
langcode: nl
status: true
dependencies:
  config:
    - block_content.type.tabs_block
  module:
    - content_translation
third_party_settings:
  content_translation:
    enabled: true
    bundle_settings:
      untranslatable_fields_hide: '0'
id: block_content.tabs_block
target_entity_type_id: block_content
target_bundle: tabs_block
default_langcode: site_default
language_alterable: false
